{
    "_readme": [
        "This file locks the dependencies of your project to a known state",
        "Read more about it at https://getcomposer.org/doc/01-basic-usage.md#installing-dependencies",
        "This file is @generated automatically"
    ],
    "content-hash": "8e7814268dff90a481cb0fb82e53922f",
    "packages": [
        {
            "name": "jarzon/form",
            "version": "v1.42.3",
            "source": {
                "type": "git",
                "url": "https://github.com/Jarzon/Form.git",
                "reference": "06f59c0d9f8a8cb4e7d92a1cf07346b0a45cec79"
            },
            "dist": {
                "type": "zip",
                "url": "https://api.github.com/repos/Jarzon/Form/zipball/06f59c0d9f8a8cb4e7d92a1cf07346b0a45cec79",
                "reference": "06f59c0d9f8a8cb4e7d92a1cf07346b0a45cec79",
                "shasum": ""
            },
            "require": {
                "php": ">=8.4.0"
            },
            "require-dev": {
                "mikey179/vfsstream": "~1.6.0",
                "phpstan/phpstan": "^2.1.0",
                "phpunit/phpunit": "^12.0.0"
            },
            "type": "project",
            "autoload": {
                "psr-4": {
                    "Jarzon\\": "src/"
                }
            },
            "notification-url": "https://packagist.org/downloads/",
            "description": "Form generator/validator",
            "support": {
                "issues": "https://github.com/Jarzon/Form/issues",
                "source": "https://github.com/Jarzon/Form/tree/v1.42.3"
            },
            "time": "2025-04-04T11:22:56+00:00"
        },
        {
            "name": "jarzon/prim",
            "version": "v1.0.7",
            "source": {
                "type": "git",
                "url": "https://github.com/Jarzon/Prim.git",
                "reference": "62adaf98988de4102ad46bcbbb44c5a0f46b95e2"
            },
            "dist": {
                "type": "zip",
                "url": "https://api.github.com/repos/Jarzon/Prim/zipball/62adaf98988de4102ad46bcbbb44c5a0f46b95e2",
                "reference": "62adaf98988de4102ad46bcbbb44c5a0f46b95e2",
                "shasum": ""
            },
            "require": {
                "ext-pdo": "*",
                "nikic/fast-route": "~1.3.0",
                "php": ">=8.4.0"
            },
            "require-dev": {
                "mikey179/vfsstream": "~1.6.0",
                "phpstan/phpstan": "~2.1.0",
                "phpunit/phpunit": "~12.4.0"
            },
            "suggest": {
                "jarzon/primpack": "~v1.18.0"
            },
            "bin": [
                "bin/prim"
            ],
            "type": "project",
            "autoload": {
                "psr-4": {
                    "Prim\\": "src/"
                }
            },
            "notification-url": "https://packagist.org/downloads/",
            "license": [
                "MIT"
            ],
            "authors": [
                {
                    "name": "Jarzon",
                    "role": "Developer"
                }
            ],
            "description": "Yet another PHP Framework",
            "homepage": "https://github.com/jarzon/prim",
            "keywords": [
                "framework"
            ],
            "support": {
                "issues": "https://github.com/jarzon/prim/issues",
                "source": "https://github.com/jarzon/prim"
            },
            "time": "2026-01-08T15:48:50+00:00"
        },
        {
            "name": "nikic/fast-route",
            "version": "v1.3.0",
            "source": {
                "type": "git",
                "url": "https://github.com/nikic/FastRoute.git",
                "reference": "181d480e08d9476e61381e04a71b34dc0432e812"
            },
            "dist": {
                "type": "zip",
                "url": "https://api.github.com/repos/nikic/FastRoute/zipball/181d480e08d9476e61381e04a71b34dc0432e812",
                "reference": "181d480e08d9476e61381e04a71b34dc0432e812",
                "shasum": ""
            },
            "require": {
                "php": ">=5.4.0"
            },
            "require-dev": {
                "phpunit/phpunit": "^4.8.35|~5.7"
            },
            "type": "library",
            "autoload": {
                "files": [
                    "src/functions.php"
                ],
                "psr-4": {
                    "FastRoute\\": "src/"
                }
            },
            "notification-url": "https://packagist.org/downloads/",
            "license": [
                "BSD-3-Clause"
            ],
            "authors": [
                {
                    "name": "Nikita Popov",
                    "email": "nikic@php.net"
                }
            ],
            "description": "Fast request router for PHP",
            "keywords": [
                "router",
                "routing"
            ],
            "support": {
                "issues": "https://github.com/nikic/FastRoute/issues",
                "source": "https://github.com/nikic/FastRoute/tree/master"
            },
            "time": "2018-02-13T20:26:39+00:00"
        }
    ],
    "packages-dev": [
        {
            "name": "phpstan/extension-installer",
            "version": "1.4.3",
            "source": {
                "type": "git",
                "url": "https://github.com/phpstan/extension-installer.git",
                "reference": "85e90b3942d06b2326fba0403ec24fe912372936"
            },
            "dist": {
                "type": "zip",
                "url": "https://api.github.com/repos/phpstan/extension-installer/zipball/85e90b3942d06b2326fba0403ec24fe912372936",
                "reference": "85e90b3942d06b2326fba0403ec24fe912372936",
                "shasum": ""
            },
            "require": {
                "composer-plugin-api": "^2.0",
                "php": "^7.2 || ^8.0",
                "phpstan/phpstan": "^1.9.0 || ^2.0"
            },
            "require-dev": {
                "composer/composer": "^2.0",
                "php-parallel-lint/php-parallel-lint": "^1.2.0",
                "phpstan/phpstan-strict-rules": "^0.11 || ^0.12 || ^1.0"
            },
            "type": "composer-plugin",
            "extra": {
                "class": "PHPStan\\ExtensionInstaller\\Plugin"
            },
            "autoload": {
                "psr-4": {
                    "PHPStan\\ExtensionInstaller\\": "src/"
                }
            },
            "notification-url": "https://packagist.org/downloads/",
            "license": [
                "MIT"
            ],
            "description": "Composer plugin for automatic installation of PHPStan extensions",
            "keywords": [
                "dev",
                "static analysis"
            ],
            "support": {
                "issues": "https://github.com/phpstan/extension-installer/issues",
                "source": "https://github.com/phpstan/extension-installer/tree/1.4.3"
            },
            "time": "2024-09-04T20:21:43+00:00"
        },
        {
            "name": "phpstan/phpstan",
            "version": "2.1.37",
            "dist": {
                "type": "zip",
                "url": "https://api.github.com/repos/phpstan/phpstan/zipball/28cd424c5ea984128c95cfa7ea658808e8954e49",
                "reference": "28cd424c5ea984128c95cfa7ea658808e8954e49",
                "shasum": ""
            },
            "require": {
                "php": "^7.4|^8.0"
            },
            "conflict": {
                "phpstan/phpstan-shim": "*"
            },
            "bin": [
                "phpstan",
                "phpstan.phar"
            ],
            "type": "library",
            "autoload": {
                "files": [
                    "bootstrap.php"
                ]
            },
            "notification-url": "https://packagist.org/downloads/",
            "license": [
                "MIT"
            ],
            "description": "PHPStan - PHP Static Analysis Tool",
            "keywords": [
                "dev",
                "static analysis"
            ],
            "support": {
                "docs": "https://phpstan.org/user-guide/getting-started",
                "forum": "https://github.com/phpstan/phpstan/discussions",
                "issues": "https://github.com/phpstan/phpstan/issues",
                "security": "https://github.com/phpstan/phpstan/security/policy",
                "source": "https://github.com/phpstan/phpstan-src"
            },
            "funding": [
                {
                    "url": "https://github.com/ondrejmirtes",
                    "type": "github"
                },
                {
                    "url": "https://github.com/phpstan",
                    "type": "github"
                }
            ],
            "time": "2026-01-24T08:21:55+00:00"
        },
        {
            "name": "phpstan/phpstan-deprecation-rules",
            "version": "2.0.3",
            "source": {
                "type": "git",
                "url": "https://github.com/phpstan/phpstan-deprecation-rules.git",
                "reference": "468e02c9176891cc901143da118f09dc9505fc2f"
            },
            "dist": {
                "type": "zip",
                "url": "https://api.github.com/repos/phpstan/phpstan-deprecation-rules/zipball/468e02c9176891cc901143da118f09dc9505fc2f",
                "reference": "468e02c9176891cc901143da118f09dc9505fc2f",
                "shasum": ""
            },
            "require": {
                "php": "^7.4 || ^8.0",
                "phpstan/phpstan": "^2.1.15"
            },
            "require-dev": {
                "php-parallel-lint/php-parallel-lint": "^1.2",
                "phpstan/phpstan-phpunit": "^2.0",
                "phpunit/phpunit": "^9.6"
            },
            "type": "phpstan-extension",
            "extra": {
                "phpstan": {
                    "includes": [
                        "rules.neon"
                    ]
                }
            },
            "autoload": {
                "psr-4": {
                    "PHPStan\\": "src/"
                }
            },
            "notification-url": "https://packagist.org/downloads/",
            "license": [
                "MIT"
            ],
            "description": "PHPStan rules for detecting usage of deprecated classes, methods, properties, constants and traits.",
            "support": {
                "issues": "https://github.com/phpstan/phpstan-deprecation-rules/issues",
                "source": "https://github.com/phpstan/phpstan-deprecation-rules/tree/2.0.3"
            },
            "time": "2025-05-14T10:56:57+00:00"
        }
    ],
    "aliases": [],
    "minimum-stability": "stable",
    "stability-flags": {},
    "prefer-stable": false,
    "prefer-lowest": false,
    "platform": {
        "php": ">=8.4.0"
    },
    "platform-dev": {},
    "plugin-api-version": "2.9.0"
}
